<?xml version="1.0" encoding="utf-8"?>
<Project ToolsVersion="4.0" xmlns="http://schemas.microsoft.com/developer/msbuild/2003">
  <ItemGroup>
    <ClCompile Include="Interp.cpp" />
    <ClCompile Include="Lexer.cpp" />
    <ClCompile Include="Main.cpp" />
    <ClCompile Include="Parser.cpp" />
    <ClCompile Include="Printer.cpp" />
    <ClCompile Include="Resolver.cpp" />
    <ClCompile Include="Kr\KrBasic.cpp" />
    <ClCompile Include="Kr\KrCommon.cpp" />
    <ClCompile Include="StringBuilder.cpp" />
    <ClCompile Include="Server.cpp" />
  </ItemGroup>
  <ItemGroup>
    <ClInclude Include="CodeNode.h" />
    <ClInclude Include="Interp.h" />
    <ClInclude Include="Lexer.h" />
    <ClInclude Include="Parser.h" />
    <ClInclude Include="SyntaxNode.h" />
    <ClInclude Include="Printer.h" />
    <ClInclude Include="Token.h" />
    <ClInclude Include="Flags.h" />
    <ClInclude Include="Resolver.h" />
    <ClInclude Include="HeapAllocator.h" />
    <ClInclude Include="Kr\KrBasic.h" />
    <ClInclude Include="Kr\KrCommon.h" />
    <ClInclude Include="Kr\KrString.h" />
    <ClInclude Include="StringBuilder.h" />
    <ClInclude Include="JsonWriter.h" />
  </ItemGroup>
  <ItemGroup>
    <None Include="Simple.kano" />
  </ItemGroup>
  <ItemGroup>
    <Natvis Include="Kr\KrVisualizer.natvis" />
  </ItemGroup>
</Project>